
Microsoft Visual Studio Solution File, Format Version 12.00
# Visual Studio Version 17
VisualStudioVersion = 17.13.35919.96 d17.13
MinimumVisualStudioVersion = 10.0.40219.1
Project("{FAE04EC0-301F-11D3-BF4B-00C04F79EFBC}") = "LaboratorioChristianChavez", "LaboratorioChristianChavez\LaboratorioChristianChavez.csproj", "{A2B2928F-E836-4FDD-94F9-A0CE570ED281}"
EndProject
Global
	GlobalSection(SolutionConfigurationPlatforms) = preSolution
		Debug|Any CPU = Debug|Any CPU
		Release|Any CPU = Release|Any CPU
	EndGlobalSection
	GlobalSection(ProjectConfigurationPlatforms) = postSolution
		{A2B2928F-E836-4FDD-94F9-A0CE570ED281}.Debug|Any CPU.ActiveCfg = Debug|Any CPU
		{A2B2928F-E836-4FDD-94F9-A0CE570ED281}.Debug|Any CPU.Build.0 = Debug|Any CPU
		{A2B2928F-E836-4FDD-94F9-A0CE570ED281}.Release|Any CPU.ActiveCfg = Release|Any CPU
		{A2B2928F-E836-4FDD-94F9-A0CE570ED281}.Release|Any CPU.Build.0 = Release|Any CPU
	EndGlobalSection
	GlobalSection(SolutionProperties) = preSolution
		HideSolutionNode = FALSE
	EndGlobalSection
	GlobalSection(ExtensibilityGlobals) = postSolution
		SolutionGuid = {EA4FBA74-B44E-4A4A-AD17-772C51A61F42}
	EndGlobalSection
EndGlobal
